// !$*UTF8*$!
{
	archiveVersion = 1;
	classes = {
	};
	objectVersion = 56;
	objects = {

/* Begin PBXBuildFile section */
		AAA00001 /* BufferApp.swift in Sources */ = {isa = PBXBuildFile; fileRef = BBB00001 /* BufferApp.swift */; };
		AAA00002 /* AppDelegate.swift in Sources */ = {isa = PBXBuildFile; fileRef = BBB00002 /* AppDelegate.swift */; };
		AAA00003 /* ClipboardItem.swift in Sources */ = {isa = PBXBuildFile; fileRef = BBB00003 /* ClipboardItem.swift */; };
		AAA00004 /* ClipboardWatcher.swift in Sources */ = {isa = PBXBuildFile; fileRef = BBB00004 /* ClipboardWatcher.swift */; };
		AAA00005 /* ClipboardStore.swift in Sources */ = {isa = PBXBuildFile; fileRef = BBB00005 /* ClipboardStore.swift */; };
		AAA00006 /* HotkeyManager.swift in Sources */ = {isa = PBXBuildFile; fileRef = BBB00006 /* HotkeyManager.swift */; };
		AAA00007 /* PasteController.swift in Sources */ = {isa = PBXBuildFile; fileRef = BBB00007 /* PasteController.swift */; };
		AAA00008 /* HistoryWindow.swift in Sources */ = {isa = PBXBuildFile; fileRef = BBB00008 /* HistoryWindow.swift */; };
		AAA00009 /* ClipboardListView.swift in Sources */ = {isa = PBXBuildFile; fileRef = BBB00009 /* ClipboardListView.swift */; };
		AAA00010 /* ClipboardItemRow.swift in Sources */ = {isa = PBXBuildFile; fileRef = BBB00010 /* ClipboardItemRow.swift */; };
		AAA00012 /* StatusBarController.swift in Sources */ = {isa = PBXBuildFile; fileRef = BBB00012 /* StatusBarController.swift */; };
		AAA00013 /* SettingsManager.swift in Sources */ = {isa = PBXBuildFile; fileRef = BBB00015 /* SettingsManager.swift */; };
		AAA00014 /* SettingsView.swift in Sources */ = {isa = PBXBuildFile; fileRef = BBB00016 /* SettingsView.swift */; };
		AAA00015 /* OCRService.swift in Sources */ = {isa = PBXBuildFile; fileRef = BBB00017 /* OCRService.swift */; };
		AAA00017 /* ActiveApplicationMonitor.swift in Sources */ = {isa = PBXBuildFile; fileRef = BBB00019 /* ActiveApplicationMonitor.swift */; };
		AAA00018 /* Assets.xcassets in Resources */ = {isa = PBXBuildFile; fileRef = BBB00020 /* Assets.xcassets */; };
		AAA00022 /* HistoryWindowInfrastructure.swift in Sources */ = {isa = PBXBuildFile; fileRef = BBB00024 /* HistoryWindowInfrastructure.swift */; };
		AAA00023 /* HistoryInputInfrastructure.swift in Sources */ = {isa = PBXBuildFile; fileRef = BBB00025 /* HistoryInputInfrastructure.swift */; };
		AAA00024 /* ClipboardScrollInfrastructure.swift in Sources */ = {isa = PBXBuildFile; fileRef = BBB00026 /* ClipboardScrollInfrastructure.swift */; };
		AAA00025 /* HistoryDetailComponents.swift in Sources */ = {isa = PBXBuildFile; fileRef = BBB00027 /* HistoryDetailComponents.swift */; };
		AAA00027 /* ClipboardItemRowSupport.swift in Sources */ = {isa = PBXBuildFile; fileRef = BBB00029 /* ClipboardItemRowSupport.swift */; };
		AAA00028 /* ClipboardScrollbarComponents.swift in Sources */ = {isa = PBXBuildFile; fileRef = BBB00030 /* ClipboardScrollbarComponents.swift */; };
		AAA00029 /* ClipboardScrollBridges.swift in Sources */ = {isa = PBXBuildFile; fileRef = BBB00031 /* ClipboardScrollBridges.swift */; };
		AAA00031 /* SettingsSupport.swift in Sources */ = {isa = PBXBuildFile; fileRef = BBB00033 /* SettingsSupport.swift */; };
		AAA00032 /* HistoryContentState.swift in Sources */ = {isa = PBXBuildFile; fileRef = BBB00034 /* HistoryContentState.swift */; };
		AAA00036 /* ClipboardStorageSupport.swift in Sources */ = {isa = PBXBuildFile; fileRef = BBB00038 /* ClipboardStorageSupport.swift */; };
		AAA00037 /* KeyRecorderBridge.swift in Sources */ = {isa = PBXBuildFile; fileRef = BBB00039 /* KeyRecorderBridge.swift */; };
		AAA00039 /* PasteSupport.swift in Sources */ = {isa = PBXBuildFile; fileRef = BBB00041 /* PasteSupport.swift */; };
		AAA00040 /* ClipboardCaptureSupport.swift in Sources */ = {isa = PBXBuildFile; fileRef = BBB00042 /* ClipboardCaptureSupport.swift */; };
		AAA00041 /* AppFormatting.swift in Sources */ = {isa = PBXBuildFile; fileRef = BBB00043 /* AppFormatting.swift */; };
		AAA00042 /* ClipboardScrollbarGeometry.swift in Sources */ = {isa = PBXBuildFile; fileRef = BBB00044 /* ClipboardScrollbarGeometry.swift */; };
		AAA00043 /* ClipboardScrollbarInteractionView.swift in Sources */ = {isa = PBXBuildFile; fileRef = BBB00045 /* ClipboardScrollbarInteractionView.swift */; };
		AAA00044 /* Comparable+Clamped.swift in Sources */ = {isa = PBXBuildFile; fileRef = BBB00046 /* Comparable+Clamped.swift */; };
		AAA00045 /* ClipboardListStructure.swift in Sources */ = {isa = PBXBuildFile; fileRef = BBB00047 /* ClipboardListStructure.swift */; };
		AAA00046 /* ClipboardScrollbarInteractionState.swift in Sources */ = {isa = PBXBuildFile; fileRef = BBB00048 /* ClipboardScrollbarInteractionState.swift */; };
		AAA00049 /* AppContainer.swift in Sources */ = {isa = PBXBuildFile; fileRef = BBB00051 /* AppContainer.swift */; };
		AAA00050 /* BufferLogger.swift in Sources */ = {isa = PBXBuildFile; fileRef = BBB00052 /* BufferLogger.swift */; };
		AAA00051 /* HistoryViewModel.swift in Sources */ = {isa = PBXBuildFile; fileRef = BBB00053 /* HistoryViewModel.swift */; };
		AAA00052 /* BufferPanelSeparator.swift in Sources */ = {isa = PBXBuildFile; fileRef = BBB00054 /* BufferPanelSeparator.swift */; };
		AAA00053 /* BufferGlassSymbolButton.swift in Sources */ = {isa = PBXBuildFile; fileRef = BBB00055 /* BufferGlassSymbolButton.swift */; };
		AAA00054 /* BufferGlassActionButton.swift in Sources */ = {isa = PBXBuildFile; fileRef = BBB00056 /* BufferGlassActionButton.swift */; };
		AAA00055 /* BufferShortcutHint.swift in Sources */ = {isa = PBXBuildFile; fileRef = BBB00057 /* BufferShortcutHint.swift */; };
		AAA00056 /* BufferWindowBackdrop.swift in Sources */ = {isa = PBXBuildFile; fileRef = BBB00058 /* BufferWindowBackdrop.swift */; };
		AAA00057 /* BufferViewSupport.swift in Sources */ = {isa = PBXBuildFile; fileRef = BBB00059 /* BufferViewSupport.swift */; };
		AAA00058 /* ClipboardQuickPasteBadge.swift in Sources */ = {isa = PBXBuildFile; fileRef = BBB00060 /* ClipboardQuickPasteBadge.swift */; };
		AAA00059 /* ClipboardRowSelectionBackground.swift in Sources */ = {isa = PBXBuildFile; fileRef = BBB00061 /* ClipboardRowSelectionBackground.swift */; };
		AAA00060 /* ClipboardLeadingVisual.swift in Sources */ = {isa = PBXBuildFile; fileRef = BBB00062 /* ClipboardLeadingVisual.swift */; };
		AAA00061 /* ClipboardSectionHeader.swift in Sources */ = {isa = PBXBuildFile; fileRef = BBB00063 /* ClipboardSectionHeader.swift */; };
		AAA00062 /* ClipboardSectionDivider.swift in Sources */ = {isa = PBXBuildFile; fileRef = BBB00064 /* ClipboardSectionDivider.swift */; };
		AAA00063 /* ClipboardScrollToTopButton.swift in Sources */ = {isa = PBXBuildFile; fileRef = BBB00065 /* ClipboardScrollToTopButton.swift */; };
		AAA00064 /* HistorySearchBar.swift in Sources */ = {isa = PBXBuildFile; fileRef = BBB00066 /* HistorySearchBar.swift */; };
		AAA00065 /* HistoryActionBar.swift in Sources */ = {isa = PBXBuildFile; fileRef = BBB00067 /* HistoryActionBar.swift */; };
		AAA00066 /* HistoryDetailHeader.swift in Sources */ = {isa = PBXBuildFile; fileRef = BBB00068 /* HistoryDetailHeader.swift */; };
		AAA00067 /* HistoryMultiSelectionSummary.swift in Sources */ = {isa = PBXBuildFile; fileRef = BBB00069 /* HistoryMultiSelectionSummary.swift */; };
		AAA00068 /* HistoryStatBlock.swift in Sources */ = {isa = PBXBuildFile; fileRef = BBB00070 /* HistoryStatBlock.swift */; };
		AAA00069 /* HistoryTypeCountRow.swift in Sources */ = {isa = PBXBuildFile; fileRef = BBB00071 /* HistoryTypeCountRow.swift */; };
		AAA00070 /* HistoryItemDetailContent.swift in Sources */ = {isa = PBXBuildFile; fileRef = BBB00072 /* HistoryItemDetailContent.swift */; };
		AAA00071 /* HistoryTextDetailContent.swift in Sources */ = {isa = PBXBuildFile; fileRef = BBB00073 /* HistoryTextDetailContent.swift */; };
		AAA00072 /* HistoryImageDetailContent.swift in Sources */ = {isa = PBXBuildFile; fileRef = BBB00074 /* HistoryImageDetailContent.swift */; };
		AAA00073 /* HistoryDetailScrollView.swift in Sources */ = {isa = PBXBuildFile; fileRef = BBB00075 /* HistoryDetailScrollView.swift */; };
		AAA00074 /* SettingsGeneralView.swift in Sources */ = {isa = PBXBuildFile; fileRef = BBB00076 /* SettingsGeneralView.swift */; };
		AAA00075 /* SettingsPrivacyView.swift in Sources */ = {isa = PBXBuildFile; fileRef = BBB00077 /* SettingsPrivacyView.swift */; };
		AAA00076 /* SettingsAboutView.swift in Sources */ = {isa = PBXBuildFile; fileRef = BBB00078 /* SettingsAboutView.swift */; };
		AAA00078 /* SettingsBehaviourView.swift in Sources */ = {isa = PBXBuildFile; fileRef = BBB00080 /* SettingsBehaviourView.swift */; };
		AAA00079 /* SettingsGeneralSections.swift in Sources */ = {isa = PBXBuildFile; fileRef = BBB00081 /* SettingsGeneralSections.swift */; };
		AAA00080 /* SettingsBehaviourSections.swift in Sources */ = {isa = PBXBuildFile; fileRef = BBB00082 /* SettingsBehaviourSections.swift */; };
		AAA00081 /* SettingsPrivacySections.swift in Sources */ = {isa = PBXBuildFile; fileRef = BBB00083 /* SettingsPrivacySections.swift */; };
		AAA00082 /* SettingsAboutSections.swift in Sources */ = {isa = PBXBuildFile; fileRef = BBB00084 /* SettingsAboutSections.swift */; };
		ABC10001 /* SettingsManagerTests.swift in Sources */ = {isa = PBXBuildFile; fileRef = ABC20001 /* SettingsManagerTests.swift */; };
		ABC10002 /* ClipboardHistoryPersistenceTests.swift in Sources */ = {isa = PBXBuildFile; fileRef = ABC20002 /* ClipboardHistoryPersistenceTests.swift */; };
		ABC10003 /* HistoryViewModelTests.swift in Sources */ = {isa = PBXBuildFile; fileRef = ABC20003 /* HistoryViewModelTests.swift */; };
		ABC10004 /* TestSupport.swift in Sources */ = {isa = PBXBuildFile; fileRef = ABC20004 /* TestSupport.swift */; };
		ABC10005 /* XCTest.framework in Frameworks */ = {isa = PBXBuildFile; fileRef = ABC20005 /* XCTest.framework */; };
		D87736122F8ECC6B00392A0B /* ClickDetector.swift in Sources */ = {isa = PBXBuildFile; fileRef = D87736112F8ECC6B00392A0B /* ClickDetector.swift */; };
/* End PBXBuildFile section */

/* Begin PBXContainerItemProxy section */
		ABC50001 /* PBXContainerItemProxy */ = {
			isa = PBXContainerItemProxy;
			containerPortal = GGG00001 /* Project object */;
			proxyType = 1;
			remoteGlobalIDString = EEE00001;
			remoteInfo = Buffer;
		};
/* End PBXContainerItemProxy section */

/* Begin PBXFileReference section */
		ABC20000 /* BufferTests.xctest */ = {isa = PBXFileReference; explicitFileType = wrapper.cfbundle; includeInIndex = 0; path = BufferTests.xctest; sourceTree = BUILT_PRODUCTS_DIR; };
		ABC20001 /* SettingsManagerTests.swift */ = {isa = PBXFileReference; lastKnownFileType = sourcecode.swift; path = SettingsManagerTests.swift; sourceTree = "<group>"; };
		ABC20002 /* ClipboardHistoryPersistenceTests.swift */ = {isa = PBXFileReference; lastKnownFileType = sourcecode.swift; path = ClipboardHistoryPersistenceTests.swift; sourceTree = "<group>"; };
		ABC20003 /* HistoryViewModelTests.swift */ = {isa = PBXFileReference; lastKnownFileType = sourcecode.swift; path = HistoryViewModelTests.swift; sourceTree = "<group>"; };
		ABC20004 /* TestSupport.swift */ = {isa = PBXFileReference; lastKnownFileType = sourcecode.swift; path = TestSupport.swift; sourceTree = "<group>"; };
		ABC20005 /* XCTest.framework */ = {isa = PBXFileReference; lastKnownFileType = wrapper.framework; name = XCTest.framework; path = System/Library/Frameworks/XCTest.framework; sourceTree = SDKROOT; };
		BBB00000 /* Buffer.app */ = {isa = PBXFileReference; explicitFileType = wrapper.application; includeInIndex = 0; path = Buffer.app; sourceTree = BUILT_PRODUCTS_DIR; };
		BBB00001 /* BufferApp.swift */ = {isa = PBXFileReference; lastKnownFileType = sourcecode.swift; path = BufferApp.swift; sourceTree = "<group>"; };
		BBB00002 /* AppDelegate.swift */ = {isa = PBXFileReference; lastKnownFileType = sourcecode.swift; path = AppDelegate.swift; sourceTree = "<group>"; };
		BBB00003 /* ClipboardItem.swift */ = {isa = PBXFileReference; lastKnownFileType = sourcecode.swift; path = ClipboardItem.swift; sourceTree = "<group>"; };
		BBB00004 /* ClipboardWatcher.swift */ = {isa = PBXFileReference; lastKnownFileType = sourcecode.swift; path = ClipboardWatcher.swift; sourceTree = "<group>"; };
		BBB00005 /* ClipboardStore.swift */ = {isa = PBXFileReference; lastKnownFileType = sourcecode.swift; path = ClipboardStore.swift; sourceTree = "<group>"; };
		BBB00006 /* HotkeyManager.swift */ = {isa = PBXFileReference; lastKnownFileType = sourcecode.swift; path = HotkeyManager.swift; sourceTree = "<group>"; };
		BBB00007 /* PasteController.swift */ = {isa = PBXFileReference; lastKnownFileType = sourcecode.swift; path = PasteController.swift; sourceTree = "<group>"; };
		BBB00008 /* HistoryWindow.swift */ = {isa = PBXFileReference; lastKnownFileType = sourcecode.swift; path = HistoryWindow.swift; sourceTree = "<group>"; };
		BBB00009 /* ClipboardListView.swift */ = {isa = PBXFileReference; lastKnownFileType = sourcecode.swift; path = ClipboardListView.swift; sourceTree = "<group>"; };
		BBB00010 /* ClipboardItemRow.swift */ = {isa = PBXFileReference; lastKnownFileType = sourcecode.swift; path = ClipboardItemRow.swift; sourceTree = "<group>"; };
		BBB00012 /* StatusBarController.swift */ = {isa = PBXFileReference; lastKnownFileType = sourcecode.swift; path = StatusBarController.swift; sourceTree = "<group>"; };
		BBB00013 /* Info.plist */ = {isa = PBXFileReference; lastKnownFileType = text.plist.xml; path = Info.plist; sourceTree = "<group>"; };
		BBB00014 /* Buffer.entitlements */ = {isa = PBXFileReference; lastKnownFileType = text.plist.entitlements; path = Buffer.entitlements; sourceTree = "<group>"; };
		BBB00015 /* SettingsManager.swift */ = {isa = PBXFileReference; lastKnownFileType = sourcecode.swift; path = SettingsManager.swift; sourceTree = "<group>"; };
		BBB00016 /* SettingsView.swift */ = {isa = PBXFileReference; lastKnownFileType = sourcecode.swift; path = SettingsView.swift; sourceTree = "<group>"; };
		BBB00017 /* OCRService.swift */ = {isa = PBXFileReference; lastKnownFileType = sourcecode.swift; path = OCRService.swift; sourceTree = "<group>"; };
		BBB00019 /* ActiveApplicationMonitor.swift */ = {isa = PBXFileReference; lastKnownFileType = sourcecode.swift; path = ActiveApplicationMonitor.swift; sourceTree = "<group>"; };
		BBB00020 /* Assets.xcassets */ = {isa = PBXFileReference; lastKnownFileType = folder.assetcatalog; path = Assets.xcassets; sourceTree = "<group>"; };
		BBB00024 /* HistoryWindowInfrastructure.swift */ = {isa = PBXFileReference; lastKnownFileType = sourcecode.swift; path = HistoryWindowInfrastructure.swift; sourceTree = "<group>"; };
		BBB00025 /* HistoryInputInfrastructure.swift */ = {isa = PBXFileReference; lastKnownFileType = sourcecode.swift; path = HistoryInputInfrastructure.swift; sourceTree = "<group>"; };
		BBB00026 /* ClipboardScrollInfrastructure.swift */ = {isa = PBXFileReference; lastKnownFileType = sourcecode.swift; path = ClipboardScrollInfrastructure.swift; sourceTree = "<group>"; };
		BBB00027 /* HistoryDetailComponents.swift */ = {isa = PBXFileReference; lastKnownFileType = sourcecode.swift; path = HistoryDetailComponents.swift; sourceTree = "<group>"; };
		BBB00029 /* ClipboardItemRowSupport.swift */ = {isa = PBXFileReference; lastKnownFileType = sourcecode.swift; path = ClipboardItemRowSupport.swift; sourceTree = "<group>"; };
		BBB00030 /* ClipboardScrollbarComponents.swift */ = {isa = PBXFileReference; lastKnownFileType = sourcecode.swift; path = ClipboardScrollbarComponents.swift; sourceTree = "<group>"; };
		BBB00031 /* ClipboardScrollBridges.swift */ = {isa = PBXFileReference; lastKnownFileType = sourcecode.swift; path = ClipboardScrollBridges.swift; sourceTree = "<group>"; };
		BBB00033 /* SettingsSupport.swift */ = {isa = PBXFileReference; lastKnownFileType = sourcecode.swift; path = SettingsSupport.swift; sourceTree = "<group>"; };
		BBB00034 /* HistoryContentState.swift */ = {isa = PBXFileReference; lastKnownFileType = sourcecode.swift; path = HistoryContentState.swift; sourceTree = "<group>"; };
		BBB00038 /* ClipboardStorageSupport.swift */ = {isa = PBXFileReference; lastKnownFileType = sourcecode.swift; path = ClipboardStorageSupport.swift; sourceTree = "<group>"; };
		BBB00039 /* KeyRecorderBridge.swift */ = {isa = PBXFileReference; lastKnownFileType = sourcecode.swift; path = KeyRecorderBridge.swift; sourceTree = "<group>"; };
		BBB00041 /* PasteSupport.swift */ = {isa = PBXFileReference; lastKnownFileType = sourcecode.swift; path = PasteSupport.swift; sourceTree = "<group>"; };
		BBB00042 /* ClipboardCaptureSupport.swift */ = {isa = PBXFileReference; lastKnownFileType = sourcecode.swift; path = ClipboardCaptureSupport.swift; sourceTree = "<group>"; };
		BBB00043 /* AppFormatting.swift */ = {isa = PBXFileReference; lastKnownFileType = sourcecode.swift; path = AppFormatting.swift; sourceTree = "<group>"; };
		BBB00044 /* ClipboardScrollbarGeometry.swift */ = {isa = PBXFileReference; lastKnownFileType = sourcecode.swift; path = ClipboardScrollbarGeometry.swift; sourceTree = "<group>"; };
		BBB00045 /* ClipboardScrollbarInteractionView.swift */ = {isa = PBXFileReference; lastKnownFileType = sourcecode.swift; path = ClipboardScrollbarInteractionView.swift; sourceTree = "<group>"; };
		BBB00046 /* Comparable+Clamped.swift */ = {isa = PBXFileReference; lastKnownFileType = sourcecode.swift; path = "Comparable+Clamped.swift"; sourceTree = "<group>"; };
		BBB00047 /* ClipboardListStructure.swift */ = {isa = PBXFileReference; lastKnownFileType = sourcecode.swift; path = ClipboardListStructure.swift; sourceTree = "<group>"; };
		BBB00048 /* ClipboardScrollbarInteractionState.swift */ = {isa = PBXFileReference; lastKnownFileType = sourcecode.swift; path = ClipboardScrollbarInteractionState.swift; sourceTree = "<group>"; };
		BBB00051 /* AppContainer.swift */ = {isa = PBXFileReference; lastKnownFileType = sourcecode.swift; path = AppContainer.swift; sourceTree = "<group>"; };
		BBB00052 /* BufferLogger.swift */ = {isa = PBXFileReference; lastKnownFileType = sourcecode.swift; path = BufferLogger.swift; sourceTree = "<group>"; };
		BBB00053 /* HistoryViewModel.swift */ = {isa = PBXFileReference; lastKnownFileType = sourcecode.swift; path = HistoryViewModel.swift; sourceTree = "<group>"; };
		BBB00054 /* BufferPanelSeparator.swift */ = {isa = PBXFileReference; lastKnownFileType = sourcecode.swift; path = BufferPanelSeparator.swift; sourceTree = "<group>"; };
		BBB00055 /* BufferGlassSymbolButton.swift */ = {isa = PBXFileReference; lastKnownFileType = sourcecode.swift; path = BufferGlassSymbolButton.swift; sourceTree = "<group>"; };
		BBB00056 /* BufferGlassActionButton.swift */ = {isa = PBXFileReference; lastKnownFileType = sourcecode.swift; path = BufferGlassActionButton.swift; sourceTree = "<group>"; };
		BBB00057 /* BufferShortcutHint.swift */ = {isa = PBXFileReference; lastKnownFileType = sourcecode.swift; path = BufferShortcutHint.swift; sourceTree = "<group>"; };
		BBB00058 /* BufferWindowBackdrop.swift */ = {isa = PBXFileReference; lastKnownFileType = sourcecode.swift; path = BufferWindowBackdrop.swift; sourceTree = "<group>"; };
		BBB00059 /* BufferViewSupport.swift */ = {isa = PBXFileReference; lastKnownFileType = sourcecode.swift; path = BufferViewSupport.swift; sourceTree = "<group>"; };
		BBB00060 /* ClipboardQuickPasteBadge.swift */ = {isa = PBXFileReference; lastKnownFileType = sourcecode.swift; path = ClipboardQuickPasteBadge.swift; sourceTree = "<group>"; };
		BBB00061 /* ClipboardRowSelectionBackground.swift */ = {isa = PBXFileReference; lastKnownFileType = sourcecode.swift; path = ClipboardRowSelectionBackground.swift; sourceTree = "<group>"; };
		BBB00062 /* ClipboardLeadingVisual.swift */ = {isa = PBXFileReference; lastKnownFileType = sourcecode.swift; path = ClipboardLeadingVisual.swift; sourceTree = "<group>"; };
		BBB00063 /* ClipboardSectionHeader.swift */ = {isa = PBXFileReference; lastKnownFileType = sourcecode.swift; path = ClipboardSectionHeader.swift; sourceTree = "<group>"; };
		BBB00064 /* ClipboardSectionDivider.swift */ = {isa = PBXFileReference; lastKnownFileType = sourcecode.swift; path = ClipboardSectionDivider.swift; sourceTree = "<group>"; };
		BBB00065 /* ClipboardScrollToTopButton.swift */ = {isa = PBXFileReference; lastKnownFileType = sourcecode.swift; path = ClipboardScrollToTopButton.swift; sourceTree = "<group>"; };
		BBB00066 /* HistorySearchBar.swift */ = {isa = PBXFileReference; lastKnownFileType = sourcecode.swift; path = HistorySearchBar.swift; sourceTree = "<group>"; };
		BBB00067 /* HistoryActionBar.swift */ = {isa = PBXFileReference; lastKnownFileType = sourcecode.swift; path = HistoryActionBar.swift; sourceTree = "<group>"; };
		BBB00068 /* HistoryDetailHeader.swift */ = {isa = PBXFileReference; lastKnownFileType = sourcecode.swift; path = HistoryDetailHeader.swift; sourceTree = "<group>"; };
		BBB00069 /* HistoryMultiSelectionSummary.swift */ = {isa = PBXFileReference; lastKnownFileType = sourcecode.swift; path = HistoryMultiSelectionSummary.swift; sourceTree = "<group>"; };
		BBB00070 /* HistoryStatBlock.swift */ = {isa = PBXFileReference; lastKnownFileType = sourcecode.swift; path = HistoryStatBlock.swift; sourceTree = "<group>"; };
		BBB00071 /* HistoryTypeCountRow.swift */ = {isa = PBXFileReference; lastKnownFileType = sourcecode.swift; path = HistoryTypeCountRow.swift; sourceTree = "<group>"; };
		BBB00072 /* HistoryItemDetailContent.swift */ = {isa = PBXFileReference; lastKnownFileType = sourcecode.swift; path = HistoryItemDetailContent.swift; sourceTree = "<group>"; };
		BBB00073 /* HistoryTextDetailContent.swift */ = {isa = PBXFileReference; lastKnownFileType = sourcecode.swift; path = HistoryTextDetailContent.swift; sourceTree = "<group>"; };
		BBB00074 /* HistoryImageDetailContent.swift */ = {isa = PBXFileReference; lastKnownFileType = sourcecode.swift; path = HistoryImageDetailContent.swift; sourceTree = "<group>"; };
		BBB00075 /* HistoryDetailScrollView.swift */ = {isa = PBXFileReference; lastKnownFileType = sourcecode.swift; path = HistoryDetailScrollView.swift; sourceTree = "<group>"; };
		BBB00076 /* SettingsGeneralView.swift */ = {isa = PBXFileReference; lastKnownFileType = sourcecode.swift; path = SettingsGeneralView.swift; sourceTree = "<group>"; };
		BBB00077 /* SettingsPrivacyView.swift */ = {isa = PBXFileReference; lastKnownFileType = sourcecode.swift; path = SettingsPrivacyView.swift; sourceTree = "<group>"; };
		BBB00078 /* SettingsAboutView.swift */ = {isa = PBXFileReference; lastKnownFileType = sourcecode.swift; path = SettingsAboutView.swift; sourceTree = "<group>"; };
		BBB00080 /* SettingsBehaviourView.swift */ = {isa = PBXFileReference; lastKnownFileType = sourcecode.swift; path = SettingsBehaviourView.swift; sourceTree = "<group>"; };
		BBB00081 /* SettingsGeneralSections.swift */ = {isa = PBXFileReference; lastKnownFileType = sourcecode.swift; path = SettingsGeneralSections.swift; sourceTree = "<group>"; };
		BBB00082 /* SettingsBehaviourSections.swift */ = {isa = PBXFileReference; lastKnownFileType = sourcecode.swift; path = SettingsBehaviourSections.swift; sourceTree = "<group>"; };
		BBB00083 /* SettingsPrivacySections.swift */ = {isa = PBXFileReference; lastKnownFileType = sourcecode.swift; path = SettingsPrivacySections.swift; sourceTree = "<group>"; };
		BBB00084 /* SettingsAboutSections.swift */ = {isa = PBXFileReference; lastKnownFileType = sourcecode.swift; path = SettingsAboutSections.swift; sourceTree = "<group>"; };
		D87736112F8ECC6B00392A0B /* ClickDetector.swift */ = {isa = PBXFileReference; lastKnownFileType = sourcecode.swift; path = ClickDetector.swift; sourceTree = "<group>"; };
/* End PBXFileReference section */

/* Begin PBXFrameworksBuildPhase section */
		ABC30001 /* Frameworks */ = {
			isa = PBXFrameworksBuildPhase;
			buildActionMask = 2147483647;
			files = (
				ABC10005 /* XCTest.framework in Frameworks */,
			);
			runOnlyForDeploymentPostprocessing = 0;
		};
		CCC00001 /* Frameworks */ = {
			isa = PBXFrameworksBuildPhase;
			buildActionMask = 2147483647;
			files = (
			);
			runOnlyForDeploymentPostprocessing = 0;
		};
/* End PBXFrameworksBuildPhase section */

/* Begin PBXGroup section */
		176E74C52FAB7451005AF619 /* Recovered References */ = {
			isa = PBXGroup;
			children = (
				ABC20005 /* XCTest.framework */,
			);
			name = "Recovered References";
			sourceTree = "<group>";
		};
		ABC60001 /* BufferTests */ = {
			isa = PBXGroup;
			children = (
				ABC20002 /* ClipboardHistoryPersistenceTests.swift */,
				ABC20003 /* HistoryViewModelTests.swift */,
				ABC20001 /* SettingsManagerTests.swift */,
				ABC20004 /* TestSupport.swift */,
			);
			path = BufferTests;
			sourceTree = "<group>";
		};
		DDD00000 = {
			isa = PBXGroup;
			children = (
				DDD00001 /* Buffer */,
				ABC60001 /* BufferTests */,
				DDD00005 /* Products */,
				176E74C52FAB7451005AF619 /* Recovered References */,
			);
			sourceTree = "<group>";
		};
		DDD00001 /* Buffer */ = {
			isa = PBXGroup;
			children = (
				BBB00001 /* BufferApp.swift */,
				BBB00002 /* AppDelegate.swift */,
				BBB00020 /* Assets.xcassets */,
				DDD00002 /* Models */,
				DDD00003 /* Services */,
				DDD00012 /* Support */,
				DDD00004 /* Views */,
				BBB00013 /* Info.plist */,
				BBB00014 /* Buffer.entitlements */,
			);
			name = Buffer;
			path = .;
			sourceTree = "<group>";
		};
		DDD00002 /* Models */ = {
			isa = PBXGroup;
			children = (
				BBB00003 /* ClipboardItem.swift */,
			);
			path = Models;
			sourceTree = "<group>";
		};
		DDD00003 /* Services */ = {
			isa = PBXGroup;
			children = (
				BBB00004 /* ClipboardWatcher.swift */,
				BBB00005 /* ClipboardStore.swift */,
				BBB00006 /* HotkeyManager.swift */,
				BBB00007 /* PasteController.swift */,
				BBB00051 /* AppContainer.swift */,
				BBB00015 /* SettingsManager.swift */,
				BBB00038 /* ClipboardStorageSupport.swift */,
				BBB00041 /* PasteSupport.swift */,
				BBB00042 /* ClipboardCaptureSupport.swift */,
				BBB00017 /* OCRService.swift */,
				BBB00019 /* ActiveApplicationMonitor.swift */,
			);
			path = Services;
			sourceTree = "<group>";
		};
		DDD00004 /* Views */ = {
			isa = PBXGroup;
			children = (
				DDD00006 /* Shared */,
				DDD00007 /* Clipboard */,
				DDD00008 /* History */,
				DDD00009 /* Settings */,
				DDD00010 /* StatusBar */,
			);
			path = Views;
			sourceTree = "<group>";
		};
		DDD00005 /* Products */ = {
			isa = PBXGroup;
			children = (
				BBB00000 /* Buffer.app */,
				ABC20000 /* BufferTests.xctest */,
			);
			name = Products;
			sourceTree = "<group>";
		};
		DDD00006 /* Shared */ = {
			isa = PBXGroup;
			children = (
				BBB00054 /* BufferPanelSeparator.swift */,
				BBB00055 /* BufferGlassSymbolButton.swift */,
				BBB00056 /* BufferGlassActionButton.swift */,
				BBB00057 /* BufferShortcutHint.swift */,
				BBB00058 /* BufferWindowBackdrop.swift */,
				BBB00059 /* BufferViewSupport.swift */,
				DDD00011 /* AppKitBridges */,
			);
			path = Shared;
			sourceTree = "<group>";
		};
		DDD00007 /* Clipboard */ = {
			isa = PBXGroup;
			children = (
				BBB00009 /* ClipboardListView.swift */,
				BBB00047 /* ClipboardListStructure.swift */,
				BBB00063 /* ClipboardSectionHeader.swift */,
				BBB00064 /* ClipboardSectionDivider.swift */,
				BBB00065 /* ClipboardScrollToTopButton.swift */,
				BBB00010 /* ClipboardItemRow.swift */,
				BBB00060 /* ClipboardQuickPasteBadge.swift */,
				BBB00061 /* ClipboardRowSelectionBackground.swift */,
				BBB00062 /* ClipboardLeadingVisual.swift */,
				BBB00029 /* ClipboardItemRowSupport.swift */,
				BBB00026 /* ClipboardScrollInfrastructure.swift */,
				BBB00030 /* ClipboardScrollbarComponents.swift */,
				BBB00044 /* ClipboardScrollbarGeometry.swift */,
				BBB00048 /* ClipboardScrollbarInteractionState.swift */,
				BBB00045 /* ClipboardScrollbarInteractionView.swift */,
			);
			path = Clipboard;
			sourceTree = "<group>";
		};
		DDD00008 /* History */ = {
			isa = PBXGroup;
			children = (
				BBB00008 /* HistoryWindow.swift */,
				BBB00066 /* HistorySearchBar.swift */,
				BBB00067 /* HistoryActionBar.swift */,
				BBB00068 /* HistoryDetailHeader.swift */,
				BBB00069 /* HistoryMultiSelectionSummary.swift */,
				BBB00070 /* HistoryStatBlock.swift */,
				BBB00071 /* HistoryTypeCountRow.swift */,
				BBB00027 /* HistoryDetailComponents.swift */,
				BBB00072 /* HistoryItemDetailContent.swift */,
				BBB00073 /* HistoryTextDetailContent.swift */,
				BBB00074 /* HistoryImageDetailContent.swift */,
				BBB00075 /* HistoryDetailScrollView.swift */,
				BBB00024 /* HistoryWindowInfrastructure.swift */,
				BBB00034 /* HistoryContentState.swift */,
				BBB00053 /* HistoryViewModel.swift */,
			);
			path = History;
			sourceTree = "<group>";
		};
		DDD00009 /* Settings */ = {
			isa = PBXGroup;
			children = (
				DDD00013 /* Core */,
				DDD00014 /* General */,
				DDD00015 /* Behaviour */,
				DDD00016 /* Privacy */,
				DDD00017 /* About */,
				DDD00018 /* Support */,
			);
			path = Settings;
			sourceTree = "<group>";
		};
		DDD00013 /* Core */ = {
			isa = PBXGroup;
			children = (
				BBB00016 /* SettingsView.swift */,
			);
			path = Core;
			sourceTree = "<group>";
		};
		DDD00014 /* General */ = {
			isa = PBXGroup;
			children = (
				BBB00076 /* SettingsGeneralView.swift */,
				BBB00081 /* SettingsGeneralSections.swift */,
			);
			path = General;
			sourceTree = "<group>";
		};
		DDD00015 /* Behaviour */ = {
			isa = PBXGroup;
			children = (
				BBB00080 /* SettingsBehaviourView.swift */,
				BBB00082 /* SettingsBehaviourSections.swift */,
			);
			path = Behaviour;
			sourceTree = "<group>";
		};
		DDD00016 /* Privacy */ = {
			isa = PBXGroup;
			children = (
				BBB00077 /* SettingsPrivacyView.swift */,
				BBB00083 /* SettingsPrivacySections.swift */,
			);
			path = Privacy;
			sourceTree = "<group>";
		};
		DDD00017 /* About */ = {
			isa = PBXGroup;
			children = (
				BBB00078 /* SettingsAboutView.swift */,
				BBB00084 /* SettingsAboutSections.swift */,
			);
			path = About;
			sourceTree = "<group>";
		};
		DDD00018 /* Support */ = {
			isa = PBXGroup;
			children = (
				BBB00033 /* SettingsSupport.swift */,
			);
			path = Support;
			sourceTree = "<group>";
		};
		DDD00010 /* StatusBar */ = {
			isa = PBXGroup;
			children = (
				BBB00012 /* StatusBarController.swift */,
			);
			path = StatusBar;
			sourceTree = "<group>";
		};
		DDD00011 /* AppKitBridges */ = {
			isa = PBXGroup;
			children = (
				D87736112F8ECC6B00392A0B /* ClickDetector.swift */,
				BBB00031 /* ClipboardScrollBridges.swift */,
				BBB00025 /* HistoryInputInfrastructure.swift */,
				BBB00039 /* KeyRecorderBridge.swift */,
			);
			path = AppKitBridges;
			sourceTree = "<group>";
		};
		DDD00012 /* Support */ = {
			isa = PBXGroup;
			children = (
				BBB00043 /* AppFormatting.swift */,
				BBB00052 /* BufferLogger.swift */,
				BBB00046 /* Comparable+Clamped.swift */,
			);
			path = Support;
			sourceTree = "<group>";
		};
/* End PBXGroup section */

/* Begin PBXNativeTarget section */
		ABC40001 /* BufferTests */ = {
			isa = PBXNativeTarget;
			buildConfigurationList = ABC70003 /* Build configuration list for PBXNativeTarget "BufferTests" */;
			buildPhases = (
				ABC30002 /* Sources */,
				ABC30001 /* Frameworks */,
				ABC30003 /* Resources */,
			);
			buildRules = (
			);
			dependencies = (
				ABC50002 /* PBXTargetDependency */,
			);
			name = BufferTests;
			productName = BufferTests;
			productReference = ABC20000 /* BufferTests.xctest */;
			productType = "com.apple.product-type.bundle.unit-test";
		};
		EEE00001 /* Buffer */ = {
			isa = PBXNativeTarget;
			buildConfigurationList = FFF00003 /* Build configuration list for PBXNativeTarget "Buffer" */;
			buildPhases = (
				EEE00002 /* Sources */,
				CCC00001 /* Frameworks */,
				EEE00003 /* Resources */,
			);
			buildRules = (
			);
			dependencies = (
			);
			name = Buffer;
			productName = Buffer;
			productReference = BBB00000 /* Buffer.app */;
			productType = "com.apple.product-type.application";
		};
/* End PBXNativeTarget section */

/* Begin PBXProject section */
		GGG00001 /* Project object */ = {
			isa = PBXProject;
			attributes = {
				BuildIndependentTargetsInParallel = 1;
				LastSwiftUpdateCheck = 1500;
				LastUpgradeCheck = 2640;
				TargetAttributes = {
					ABC40001 = {
						CreatedOnToolsVersion = 15.0;
						TestTargetID = EEE00001;
					};
					EEE00001 = {
						CreatedOnToolsVersion = 15.0;
					};
				};
			};
			buildConfigurationList = FFF00001 /* Build configuration list for PBXProject "Buffer" */;
			compatibilityVersion = "Xcode 14.0";
			developmentRegion = en;
			hasScannedForEncodings = 0;
			knownRegions = (
				en,
				Base,
			);
			mainGroup = DDD00000;
			productRefGroup = DDD00005 /* Products */;
			projectDirPath = "";
			projectRoot = "";
			targets = (
				EEE00001 /* Buffer */,
				ABC40001 /* BufferTests */,
			);
		};
/* End PBXProject section */

/* Begin PBXResourcesBuildPhase section */
		ABC30003 /* Resources */ = {
			isa = PBXResourcesBuildPhase;
			buildActionMask = 2147483647;
			files = (
			);
			runOnlyForDeploymentPostprocessing = 0;
		};
		EEE00003 /* Resources */ = {
			isa = PBXResourcesBuildPhase;
			buildActionMask = 2147483647;
			files = (
				AAA00018 /* Assets.xcassets in Resources */,
			);
			runOnlyForDeploymentPostprocessing = 0;
		};
/* End PBXResourcesBuildPhase section */

/* Begin PBXSourcesBuildPhase section */
		ABC30002 /* Sources */ = {
			isa = PBXSourcesBuildPhase;
			buildActionMask = 2147483647;
			files = (
				ABC10002 /* ClipboardHistoryPersistenceTests.swift in Sources */,
				ABC10003 /* HistoryViewModelTests.swift in Sources */,
				ABC10001 /* SettingsManagerTests.swift in Sources */,
				ABC10004 /* TestSupport.swift in Sources */,
			);
			runOnlyForDeploymentPostprocessing = 0;
		};
		EEE00002 /* Sources */ = {
			isa = PBXSourcesBuildPhase;
			buildActionMask = 2147483647;
			files = (
				AAA00001 /* BufferApp.swift in Sources */,
				AAA00002 /* AppDelegate.swift in Sources */,
				AAA00003 /* ClipboardItem.swift in Sources */,
				AAA00004 /* ClipboardWatcher.swift in Sources */,
				AAA00005 /* ClipboardStore.swift in Sources */,
				AAA00006 /* HotkeyManager.swift in Sources */,
				AAA00007 /* PasteController.swift in Sources */,
				AAA00008 /* HistoryWindow.swift in Sources */,
				AAA00009 /* ClipboardListView.swift in Sources */,
				AAA00010 /* ClipboardItemRow.swift in Sources */,
				AAA00012 /* StatusBarController.swift in Sources */,
				AAA00013 /* SettingsManager.swift in Sources */,
				AAA00014 /* SettingsView.swift in Sources */,
				D87736122F8ECC6B00392A0B /* ClickDetector.swift in Sources */,
				AAA00015 /* OCRService.swift in Sources */,
				AAA00017 /* ActiveApplicationMonitor.swift in Sources */,
				AAA00052 /* BufferPanelSeparator.swift in Sources */,
				AAA00053 /* BufferGlassSymbolButton.swift in Sources */,
				AAA00054 /* BufferGlassActionButton.swift in Sources */,
				AAA00055 /* BufferShortcutHint.swift in Sources */,
				AAA00056 /* BufferWindowBackdrop.swift in Sources */,
				AAA00057 /* BufferViewSupport.swift in Sources */,
				AAA00022 /* HistoryWindowInfrastructure.swift in Sources */,
				AAA00023 /* HistoryInputInfrastructure.swift in Sources */,
				AAA00024 /* ClipboardScrollInfrastructure.swift in Sources */,
				AAA00025 /* HistoryDetailComponents.swift in Sources */,
				AAA00058 /* ClipboardQuickPasteBadge.swift in Sources */,
				AAA00059 /* ClipboardRowSelectionBackground.swift in Sources */,
				AAA00060 /* ClipboardLeadingVisual.swift in Sources */,
				AAA00061 /* ClipboardSectionHeader.swift in Sources */,
				AAA00062 /* ClipboardSectionDivider.swift in Sources */,
				AAA00063 /* ClipboardScrollToTopButton.swift in Sources */,
				AAA00027 /* ClipboardItemRowSupport.swift in Sources */,
				AAA00028 /* ClipboardScrollbarComponents.swift in Sources */,
				AAA00029 /* ClipboardScrollBridges.swift in Sources */,
				AAA00064 /* HistorySearchBar.swift in Sources */,
				AAA00065 /* HistoryActionBar.swift in Sources */,
				AAA00066 /* HistoryDetailHeader.swift in Sources */,
				AAA00067 /* HistoryMultiSelectionSummary.swift in Sources */,
				AAA00068 /* HistoryStatBlock.swift in Sources */,
				AAA00069 /* HistoryTypeCountRow.swift in Sources */,
				AAA00070 /* HistoryItemDetailContent.swift in Sources */,
				AAA00071 /* HistoryTextDetailContent.swift in Sources */,
				AAA00072 /* HistoryImageDetailContent.swift in Sources */,
				AAA00073 /* HistoryDetailScrollView.swift in Sources */,
				AAA00074 /* SettingsGeneralView.swift in Sources */,
				AAA00079 /* SettingsGeneralSections.swift in Sources */,
				AAA00078 /* SettingsBehaviourView.swift in Sources */,
				AAA00080 /* SettingsBehaviourSections.swift in Sources */,
				AAA00075 /* SettingsPrivacyView.swift in Sources */,
				AAA00081 /* SettingsPrivacySections.swift in Sources */,
				AAA00076 /* SettingsAboutView.swift in Sources */,
				AAA00082 /* SettingsAboutSections.swift in Sources */,
				AAA00031 /* SettingsSupport.swift in Sources */,
				AAA00032 /* HistoryContentState.swift in Sources */,
				AAA00036 /* ClipboardStorageSupport.swift in Sources */,
				AAA00037 /* KeyRecorderBridge.swift in Sources */,
				AAA00039 /* PasteSupport.swift in Sources */,
				AAA00040 /* ClipboardCaptureSupport.swift in Sources */,
				AAA00041 /* AppFormatting.swift in Sources */,
				AAA00042 /* ClipboardScrollbarGeometry.swift in Sources */,
				AAA00043 /* ClipboardScrollbarInteractionView.swift in Sources */,
				AAA00044 /* Comparable+Clamped.swift in Sources */,
				AAA00045 /* ClipboardListStructure.swift in Sources */,
				AAA00046 /* ClipboardScrollbarInteractionState.swift in Sources */,
				AAA00049 /* AppContainer.swift in Sources */,
				AAA00050 /* BufferLogger.swift in Sources */,
				AAA00051 /* HistoryViewModel.swift in Sources */,
			);
			runOnlyForDeploymentPostprocessing = 0;
		};
/* End PBXSourcesBuildPhase section */

/* Begin PBXTargetDependency section */
		ABC50002 /* PBXTargetDependency */ = {
			isa = PBXTargetDependency;
			target = EEE00001 /* Buffer */;
			targetProxy = ABC50001 /* PBXContainerItemProxy */;
		};
/* End PBXTargetDependency section */

/* Begin XCBuildConfiguration section */
		ABC70001 /* Debug */ = {
			isa = XCBuildConfiguration;
			buildSettings = {
				BUNDLE_LOADER = "$(TEST_HOST)";
				CODE_SIGN_STYLE = Automatic;
				CURRENT_PROJECT_VERSION = 1;
				DEAD_CODE_STRIPPING = YES;
				DEVELOPMENT_TEAM = RN8RYUV55Y;
				GENERATE_INFOPLIST_FILE = YES;
				LD_RUNPATH_SEARCH_PATHS = (
					"$(inherited)",
					"@loader_path/../Frameworks",
					"@executable_path/../Frameworks",
				);
				MACOSX_DEPLOYMENT_TARGET = 13.0;
				MARKETING_VERSION = 1.0;
				PRODUCT_BUNDLE_IDENTIFIER = com.samirpatil.BufferTests;
				PRODUCT_NAME = "$(TARGET_NAME)";
				SWIFT_STRICT_CONCURRENCY = complete;
				SWIFT_TREAT_WARNINGS_AS_ERRORS = YES;
				SWIFT_VERSION = 5.0;
				TEST_HOST = "$(BUILT_PRODUCTS_DIR)/Buffer.app/Contents/MacOS/Buffer";
				TEST_TARGET_NAME = Buffer;
			};
			name = Debug;
		};
		ABC70002 /* Release */ = {
			isa = XCBuildConfiguration;
			buildSettings = {
				BUNDLE_LOADER = "$(TEST_HOST)";
				CODE_SIGN_STYLE = Automatic;
				CURRENT_PROJECT_VERSION = 1;
				DEAD_CODE_STRIPPING = YES;
				DEVELOPMENT_TEAM = RN8RYUV55Y;
				GENERATE_INFOPLIST_FILE = YES;
				LD_RUNPATH_SEARCH_PATHS = (
					"$(inherited)",
					"@loader_path/../Frameworks",
					"@executable_path/../Frameworks",
				);
				MACOSX_DEPLOYMENT_TARGET = 13.0;
				MARKETING_VERSION = 1.0;
				PRODUCT_BUNDLE_IDENTIFIER = com.samirpatil.BufferTests;
				PRODUCT_NAME = "$(TARGET_NAME)";
				SWIFT_STRICT_CONCURRENCY = complete;
				SWIFT_TREAT_WARNINGS_AS_ERRORS = YES;
				SWIFT_VERSION = 5.0;
				TEST_HOST = "$(BUILT_PRODUCTS_DIR)/Buffer.app/Contents/MacOS/Buffer";
				TEST_TARGET_NAME = Buffer;
			};
			name = Release;
		};
		FFF00002 /* Debug */ = {
			isa = XCBuildConfiguration;
			buildSettings = {
				ALWAYS_SEARCH_USER_PATHS = NO;
				ASSETCATALOG_COMPILER_GENERATE_SWIFT_ASSET_SYMBOL_EXTENSIONS = YES;
				CLANG_ANALYZER_NONNULL = YES;
				CLANG_ANALYZER_NUMBER_OBJECT_CONVERSION = YES_AGGRESSIVE;
				CLANG_CXX_LANGUAGE_STANDARD = "gnu++20";
				CLANG_ENABLE_MODULES = YES;
				CLANG_ENABLE_OBJC_ARC = YES;
				CLANG_ENABLE_OBJC_WEAK = YES;
				CLANG_WARN_BLOCK_CAPTURE_AUTORELEASING = YES;
				CLANG_WARN_BOOL_CONVERSION = YES;
				CLANG_WARN_COMMA = YES;
				CLANG_WARN_CONSTANT_CONVERSION = YES;
				CLANG_WARN_DEPRECATED_OBJC_IMPLEMENTATIONS = YES;
				CLANG_WARN_DIRECT_OBJC_ISA_USAGE = YES_ERROR;
				CLANG_WARN_DOCUMENTATION_COMMENTS = YES;
				CLANG_WARN_EMPTY_BODY = YES;
				CLANG_WARN_ENUM_CONVERSION = YES;
				CLANG_WARN_INFINITE_RECURSION = YES;
				CLANG_WARN_INT_CONVERSION = YES;
				CLANG_WARN_NON_LITERAL_NULL_CONVERSION = YES;
				CLANG_WARN_OBJC_IMPLICIT_RETAIN_SELF = YES;
				CLANG_WARN_OBJC_LITERAL_CONVERSION = YES;
				CLANG_WARN_OBJC_ROOT_CLASS = YES_ERROR;
				CLANG_WARN_QUOTED_INCLUDE_IN_FRAMEWORK_HEADER = YES;
				CLANG_WARN_RANGE_LOOP_ANALYSIS = YES;
				CLANG_WARN_STRICT_PROTOTYPES = YES;
				CLANG_WARN_SUSPICIOUS_MOVE = YES;
				CLANG_WARN_UNGUARDED_AVAILABILITY = YES_AGGRESSIVE;
				CLANG_WARN_UNREACHABLE_CODE = YES;
				CLANG_WARN__DUPLICATE_METHOD_MATCH = YES;
				COPY_PHASE_STRIP = NO;
				DEAD_CODE_STRIPPING = YES;
				DEBUG_INFORMATION_FORMAT = dwarf;
				DEVELOPMENT_TEAM = RN8RYUV55Y;
				ENABLE_STRICT_OBJC_MSGSEND = YES;
				ENABLE_TESTABILITY = YES;
				ENABLE_USER_SCRIPT_SANDBOXING = YES;
				GCC_C_LANGUAGE_STANDARD = gnu17;
				GCC_DYNAMIC_NO_PIC = NO;
				GCC_NO_COMMON_BLOCKS = YES;
				GCC_OPTIMIZATION_LEVEL = 0;
				GCC_PREPROCESSOR_DEFINITIONS = (
					"DEBUG=1",
					"$(inherited)",
				);
				GCC_WARN_64_TO_32_BIT_CONVERSION = YES;
				GCC_WARN_ABOUT_RETURN_TYPE = YES_ERROR;
				GCC_WARN_UNDECLARED_SELECTOR = YES;
				GCC_WARN_UNINITIALIZED_AUTOS = YES_AGGRESSIVE;
				GCC_WARN_UNUSED_FUNCTION = YES;
				GCC_WARN_UNUSED_VARIABLE = YES;
				MACOSX_DEPLOYMENT_TARGET = 13.0;
				MTL_ENABLE_DEBUG_INFO = INCLUDE_SOURCE;
				MTL_FAST_MATH = YES;
				ONLY_ACTIVE_ARCH = YES;
				SDKROOT = macosx;
				STRING_CATALOG_GENERATE_SYMBOLS = YES;
				SWIFT_ACTIVE_COMPILATION_CONDITIONS = "DEBUG $(inherited)";
				SWIFT_OPTIMIZATION_LEVEL = "-Onone";
			};
			name = Debug;
		};
		FFF00004 /* Release */ = {
			isa = XCBuildConfiguration;
			buildSettings = {
				ALWAYS_SEARCH_USER_PATHS = NO;
				ASSETCATALOG_COMPILER_GENERATE_SWIFT_ASSET_SYMBOL_EXTENSIONS = YES;
				CLANG_ANALYZER_NONNULL = YES;
				CLANG_ANALYZER_NUMBER_OBJECT_CONVERSION = YES_AGGRESSIVE;
				CLANG_CXX_LANGUAGE_STANDARD = "gnu++20";
				CLANG_ENABLE_MODULES = YES;
				CLANG_ENABLE_OBJC_ARC = YES;
				CLANG_ENABLE_OBJC_WEAK = YES;
				CLANG_WARN_BLOCK_CAPTURE_AUTORELEASING = YES;
				CLANG_WARN_BOOL_CONVERSION = YES;
				CLANG_WARN_COMMA = YES;
				CLANG_WARN_CONSTANT_CONVERSION = YES;
				CLANG_WARN_DEPRECATED_OBJC_IMPLEMENTATIONS = YES;
				CLANG_WARN_DIRECT_OBJC_ISA_USAGE = YES_ERROR;
				CLANG_WARN_DOCUMENTATION_COMMENTS = YES;
				CLANG_WARN_EMPTY_BODY = YES;
				CLANG_WARN_ENUM_CONVERSION = YES;
				CLANG_WARN_INFINITE_RECURSION = YES;
				CLANG_WARN_INT_CONVERSION = YES;
				CLANG_WARN_NON_LITERAL_NULL_CONVERSION = YES;
				CLANG_WARN_OBJC_IMPLICIT_RETAIN_SELF = YES;
				CLANG_WARN_OBJC_LITERAL_CONVERSION = YES;
				CLANG_WARN_OBJC_ROOT_CLASS = YES_ERROR;
				CLANG_WARN_QUOTED_INCLUDE_IN_FRAMEWORK_HEADER = YES;
				CLANG_WARN_RANGE_LOOP_ANALYSIS = YES;
				CLANG_WARN_STRICT_PROTOTYPES = YES;
				CLANG_WARN_SUSPICIOUS_MOVE = YES;
				CLANG_WARN_UNGUARDED_AVAILABILITY = YES_AGGRESSIVE;
				CLANG_WARN_UNREACHABLE_CODE = YES;
				CLANG_WARN__DUPLICATE_METHOD_MATCH = YES;
				COPY_PHASE_STRIP = NO;
				DEAD_CODE_STRIPPING = YES;
				DEBUG_INFORMATION_FORMAT = "dwarf-with-dsym";
				DEVELOPMENT_TEAM = RN8RYUV55Y;
				ENABLE_NS_ASSERTIONS = NO;
				ENABLE_STRICT_OBJC_MSGSEND = YES;
				ENABLE_USER_SCRIPT_SANDBOXING = YES;
				GCC_C_LANGUAGE_STANDARD = gnu17;
				GCC_NO_COMMON_BLOCKS = YES;
				GCC_WARN_64_TO_32_BIT_CONVERSION = YES;
				GCC_WARN_ABOUT_RETURN_TYPE = YES_ERROR;
				GCC_WARN_UNDECLARED_SELECTOR = YES;
				GCC_WARN_UNINITIALIZED_AUTOS = YES_AGGRESSIVE;
				GCC_WARN_UNUSED_FUNCTION = YES;
				GCC_WARN_UNUSED_VARIABLE = YES;
				MACOSX_DEPLOYMENT_TARGET = 13.0;
				MTL_ENABLE_DEBUG_INFO = NO;
				MTL_FAST_MATH = YES;
				ONLY_ACTIVE_ARCH = NO;
				SDKROOT = macosx;
				STRING_CATALOG_GENERATE_SYMBOLS = YES;
				SWIFT_COMPILATION_MODE = wholemodule;
			};
			name = Release;
		};
		FFF00005 /* Debug */ = {
			isa = XCBuildConfiguration;
			buildSettings = {
				ASSETCATALOG_COMPILER_APPICON_NAME = AppIcon;
				ASSETCATALOG_COMPILER_INCLUDE_ALL_APPICON_ASSETS = NO;
				AUTOMATION_APPLE_EVENTS = NO;
				CODE_SIGN_ENTITLEMENTS = Buffer.entitlements;
				"CODE_SIGN_IDENTITY[sdk=macosx*]" = "Apple Development";
				CODE_SIGN_STYLE = Automatic;
				COMBINE_HIDPI_IMAGES = YES;
				CURRENT_PROJECT_VERSION = 1;
				DEAD_CODE_STRIPPING = YES;
				DEVELOPMENT_TEAM = RN8RYUV55Y;
				ENABLE_HARDENED_RUNTIME = YES;
				ENABLE_RESOURCE_ACCESS_AUDIO_INPUT = NO;
				ENABLE_RESOURCE_ACCESS_CALENDARS = NO;
				ENABLE_RESOURCE_ACCESS_CAMERA = NO;
				ENABLE_RESOURCE_ACCESS_CONTACTS = NO;
				ENABLE_RESOURCE_ACCESS_LOCATION = NO;
				ENABLE_RESOURCE_ACCESS_PHOTO_LIBRARY = NO;
				GENERATE_INFOPLIST_FILE = NO;
				INFOPLIST_FILE = Info.plist;
				INFOPLIST_KEY_CFBundleDisplayName = Buffer;
				INFOPLIST_KEY_LSApplicationCategoryType = "public.app-category.productivity";
				INFOPLIST_KEY_NSHumanReadableCopyright = "";
				LD_RUNPATH_SEARCH_PATHS = (
					"$(inherited)",
					"@executable_path/../Frameworks",
				);
				MARKETING_VERSION = 1.0;
				PRODUCT_BUNDLE_IDENTIFIER = de.floxyi.buffer;
				PRODUCT_NAME = "$(TARGET_NAME)";
				RUNTIME_EXCEPTION_ALLOW_DYLD_ENVIRONMENT_VARIABLES = YES;
				RUNTIME_EXCEPTION_ALLOW_JIT = NO;
				RUNTIME_EXCEPTION_ALLOW_UNSIGNED_EXECUTABLE_MEMORY = YES;
				RUNTIME_EXCEPTION_DEBUGGING_TOOL = NO;
				RUNTIME_EXCEPTION_DISABLE_EXECUTABLE_PAGE_PROTECTION = NO;
				RUNTIME_EXCEPTION_DISABLE_LIBRARY_VALIDATION = NO;
				SWIFT_EMIT_LOC_STRINGS = YES;
				SWIFT_STRICT_CONCURRENCY = complete;
				SWIFT_TREAT_WARNINGS_AS_ERRORS = YES;
				SWIFT_VERSION = 5.0;
			};
			name = Debug;
		};
		FFF00006 /* Release */ = {
			isa = XCBuildConfiguration;
			buildSettings = {
				ASSETCATALOG_COMPILER_APPICON_NAME = AppIcon;
				ASSETCATALOG_COMPILER_INCLUDE_ALL_APPICON_ASSETS = NO;
				AUTOMATION_APPLE_EVENTS = NO;
				CODE_SIGN_ENTITLEMENTS = Buffer.entitlements;
				"CODE_SIGN_IDENTITY[sdk=macosx*]" = "Apple Development";
				CODE_SIGN_STYLE = Automatic;
				COMBINE_HIDPI_IMAGES = YES;
				CURRENT_PROJECT_VERSION = 1;
				DEAD_CODE_STRIPPING = YES;
				DEVELOPMENT_TEAM = RN8RYUV55Y;
				ENABLE_HARDENED_RUNTIME = YES;
				ENABLE_RESOURCE_ACCESS_AUDIO_INPUT = NO;
				ENABLE_RESOURCE_ACCESS_CALENDARS = NO;
				ENABLE_RESOURCE_ACCESS_CAMERA = NO;
				ENABLE_RESOURCE_ACCESS_CONTACTS = NO;
				ENABLE_RESOURCE_ACCESS_LOCATION = NO;
				ENABLE_RESOURCE_ACCESS_PHOTO_LIBRARY = NO;
				GENERATE_INFOPLIST_FILE = NO;
				INFOPLIST_FILE = Info.plist;
				INFOPLIST_KEY_CFBundleDisplayName = Buffer;
				INFOPLIST_KEY_LSApplicationCategoryType = "public.app-category.productivity";
				INFOPLIST_KEY_NSHumanReadableCopyright = "";
				LD_RUNPATH_SEARCH_PATHS = (
					"$(inherited)",
					"@executable_path/../Frameworks",
				);
				MARKETING_VERSION = 1.0;
				PRODUCT_BUNDLE_IDENTIFIER = de.floxyi.buffer;
				PRODUCT_NAME = "$(TARGET_NAME)";
				RUNTIME_EXCEPTION_ALLOW_DYLD_ENVIRONMENT_VARIABLES = YES;
				RUNTIME_EXCEPTION_ALLOW_JIT = NO;
				RUNTIME_EXCEPTION_ALLOW_UNSIGNED_EXECUTABLE_MEMORY = YES;
				RUNTIME_EXCEPTION_DEBUGGING_TOOL = NO;
				RUNTIME_EXCEPTION_DISABLE_EXECUTABLE_PAGE_PROTECTION = NO;
				RUNTIME_EXCEPTION_DISABLE_LIBRARY_VALIDATION = NO;
				SWIFT_EMIT_LOC_STRINGS = YES;
				SWIFT_STRICT_CONCURRENCY = complete;
				SWIFT_TREAT_WARNINGS_AS_ERRORS = YES;
				SWIFT_VERSION = 5.0;
			};
			name = Release;
		};
/* End XCBuildConfiguration section */

/* Begin XCConfigurationList section */
		ABC70003 /* Build configuration list for PBXNativeTarget "BufferTests" */ = {
			isa = XCConfigurationList;
			buildConfigurations = (
				ABC70001 /* Debug */,
				ABC70002 /* Release */,
			);
			defaultConfigurationIsVisible = 0;
			defaultConfigurationName = Release;
		};
		FFF00001 /* Build configuration list for PBXProject "Buffer" */ = {
			isa = XCConfigurationList;
			buildConfigurations = (
				FFF00002 /* Debug */,
				FFF00004 /* Release */,
			);
			defaultConfigurationIsVisible = 0;
			defaultConfigurationName = Release;
		};
		FFF00003 /* Build configuration list for PBXNativeTarget "Buffer" */ = {
			isa = XCConfigurationList;
			buildConfigurations = (
				FFF00005 /* Debug */,
				FFF00006 /* Release */,
			);
			defaultConfigurationIsVisible = 0;
			defaultConfigurationName = Release;
		};
/* End XCConfigurationList section */
	};
	rootObject = GGG00001 /* Project object */;
}
